
Microsoft Visual Studio Solution File, Format Version 12.00
# Visual Studio Express 2013 for Windows Desktop
VisualStudioVersion = 12.0.31101.0
MinimumVisualStudioVersion = 10.0.40219.1
Project("{FAE04EC0-301F-11D3-BF4B-00C04F79EFBC}") = "023.Monogram", "023.Monogram\023.Monogram.csproj", "{F7CE9436-150D-4375-8008-06EC4A93F526}"
EndProject
Global
	GlobalSection(SolutionConfigurationPlatforms) = preSolution
		Debug|Any CPU = Debug|Any CPU
		Release|Any CPU = Release|Any CPU
	EndGlobalSection
	GlobalSection(ProjectConfigurationPlatforms) = postSolution
		{F7CE9436-150D-4375-8008-06EC4A93F526}.Debug|Any CPU.ActiveCfg = Debug|Any CPU
		{F7CE9436-150D-4375-8008-06EC4A93F526}.Debug|Any CPU.Build.0 = Debug|Any CPU
		{F7CE9436-150D-4375-8008-06EC4A93F526}.Release|Any CPU.ActiveCfg = Release|Any CPU
		{F7CE9436-150D-4375-8008-06EC4A93F526}.Release|Any CPU.Build.0 = Release|Any CPU
	EndGlobalSection
	GlobalSection(SolutionProperties) = preSolution
		HideSolutionNode = FALSE
	EndGlobalSection
EndGlobal
